
Microsoft Visual Studio Solution File, Format Version 12.00
# Visual Studio Version 16
VisualStudioVersion = 16.0.33801.447
MinimumVisualStudioVersion = 10.0.40219.1
Project("{FAE04EC0-301F-11D3-BF4B-00C04F79EFBC}") = "Numpapa", "Numpapa\Numpapa.csproj", "{0D528BBA-02B7-42CB-B47B-BCB36EA06DE5}"
EndProject
Global
	GlobalSection(SolutionConfigurationPlatforms) = preSolution
		Debug|Any CPU = Debug|Any CPU
		Release|Any CPU = Release|Any CPU
	EndGlobalSection
	GlobalSection(ProjectConfigurationPlatforms) = postSolution
		{0D528BBA-02B7-42CB-B47B-BCB36EA06DE5}.Debug|Any CPU.ActiveCfg = Debug|Any CPU
		{0D528BBA-02B7-42CB-B47B-BCB36EA06DE5}.Debug|Any CPU.Build.0 = Debug|Any CPU
		{0D528BBA-02B7-42CB-B47B-BCB36EA06DE5}.Release|Any CPU.ActiveCfg = Release|Any CPU
		{0D528BBA-02B7-42CB-B47B-BCB36EA06DE5}.Release|Any CPU.Build.0 = Release|Any CPU
	EndGlobalSection
	GlobalSection(SolutionProperties) = preSolution
		HideSolutionNode = FALSE
	EndGlobalSection
	GlobalSection(ExtensibilityGlobals) = postSolution
		SolutionGuid = {7C377D3C-BC64-4C9C-ABED-DBD846F2845A}
	EndGlobalSection
EndGlobal
